
Microsoft Visual Studio Solution File, Format Version 12.00
# Visual Studio 2012
Project("{FAE04EC0-301F-11D3-BF4B-00C04F79EFBC}") = "VocalUtau", "VocalUtau.csproj", "{49F2A2D2-5ECD-4042-81D5-8A4C3A7C20E4}"
EndProject
Project("{FAE04EC0-301F-11D3-BF4B-00C04F79EFBC}") = "BalthasarLib.D2DPainter", "..\IncludeLib\BalthasarLib.D2DPainter\BalthasarLib.D2DPainter.csproj", "{8B6BA8CC-95BC-4599-95CB-A97D2B2AE1D6}"
EndProject
Project("{FAE04EC0-301F-11D3-BF4B-00C04F79EFBC}") = "VocalUtau.DirectUI", "..\IncludeLib\VocalUtau.DirectUI\VocalUtau.DirectUI\VocalUtau.DirectUI.csproj", "{5FCECB26-C22C-49DF-BAC8-0E431183A379}"
EndProject
Project("{FAE04EC0-301F-11D3-BF4B-00C04F79EFBC}") = "VocalUtau.DirectUI.Forms", "..\IncludeLib\VocalUtau.DirectUI\VocalUtau.DirectUI.Forms\VocalUtau.DirectUI.Forms.csproj", "{EB4142F3-FA96-45D9-A817-0B0B9604541B}"
EndProject
Project("{FAE04EC0-301F-11D3-BF4B-00C04F79EFBC}") = "VocalUtau.DirectUI.Utils", "..\IncludeLib\VocalUtau.DirectUI\VocalUtau.DirectUI.Utils\VocalUtau.DirectUI.Utils.csproj", "{10FEB9FA-9308-42AA-B5FB-DAC652508095}"
EndProject
Project("{FAE04EC0-301F-11D3-BF4B-00C04F79EFBC}") = "VocalUtau.Formats", "..\IncludeLib\VocalUtau.Formats\VocalUtau.Formats\VocalUtau.Formats.csproj", "{9EA2955F-3919-4939-BB75-0B38F4E6182D}"
EndProject
Project("{FAE04EC0-301F-11D3-BF4B-00C04F79EFBC}") = "VocalUtau.Calculators", "..\IncludeLib\VocalUtau.Calculators\VocalUtau.Calculators\VocalUtau.Calculators.csproj", "{EC62095F-B97C-4C45-999A-6213EF3009E9}"
EndProject
Project("{FAE04EC0-301F-11D3-BF4B-00C04F79EFBC}") = "VocalUtau.WavTools", "..\IncludeLib\VocalUtau.WavTools\VocalUtau.WavTools.csproj", "{B7EE4878-4670-49B5-A94A-8C0DFDA02B6F}"
EndProject
Project("{FAE04EC0-301F-11D3-BF4B-00C04F79EFBC}") = "VocalUtau.Wavtools.Render", "..\IncludeLib\VocalUtau.WavTools\VocalUtau.Wavtools.Render\VocalUtau.Wavtools.Render.csproj", "{5CF6DF17-5CE2-40E0-98A2-D70E8E89F7F8}"
EndProject
Global
	GlobalSection(SolutionConfigurationPlatforms) = preSolution
		Debug|Any CPU = Debug|Any CPU
		Release|Any CPU = Release|Any CPU
	EndGlobalSection
	GlobalSection(ProjectConfigurationPlatforms) = postSolution
		{49F2A2D2-5ECD-4042-81D5-8A4C3A7C20E4}.Debug|Any CPU.ActiveCfg = Debug|Any CPU
		{49F2A2D2-5ECD-4042-81D5-8A4C3A7C20E4}.Debug|Any CPU.Build.0 = Debug|Any CPU
		{49F2A2D2-5ECD-4042-81D5-8A4C3A7C20E4}.Release|Any CPU.ActiveCfg = Release|Any CPU
		{49F2A2D2-5ECD-4042-81D5-8A4C3A7C20E4}.Release|Any CPU.Build.0 = Release|Any CPU
		{8B6BA8CC-95BC-4599-95CB-A97D2B2AE1D6}.Debug|Any CPU.ActiveCfg = Debug|Any CPU
		{8B6BA8CC-95BC-4599-95CB-A97D2B2AE1D6}.Debug|Any CPU.Build.0 = Debug|Any CPU
		{8B6BA8CC-95BC-4599-95CB-A97D2B2AE1D6}.Release|Any CPU.ActiveCfg = Release|Any CPU
		{8B6BA8CC-95BC-4599-95CB-A97D2B2AE1D6}.Release|Any CPU.Build.0 = Release|Any CPU
		{5FCECB26-C22C-49DF-BAC8-0E431183A379}.Debug|Any CPU.ActiveCfg = Debug|Any CPU
		{5FCECB26-C22C-49DF-BAC8-0E431183A379}.Debug|Any CPU.Build.0 = Debug|Any CPU
		{5FCECB26-C22C-49DF-BAC8-0E431183A379}.Release|Any CPU.ActiveCfg = Release|Any CPU
		{5FCECB26-C22C-49DF-BAC8-0E431183A379}.Release|Any CPU.Build.0 = Release|Any CPU
		{EB4142F3-FA96-45D9-A817-0B0B9604541B}.Debug|Any CPU.ActiveCfg = Debug|Any CPU
		{EB4142F3-FA96-45D9-A817-0B0B9604541B}.Debug|Any CPU.Build.0 = Debug|Any CPU
		{EB4142F3-FA96-45D9-A817-0B0B9604541B}.Release|Any CPU.ActiveCfg = Release|Any CPU
		{EB4142F3-FA96-45D9-A817-0B0B9604541B}.Release|Any CPU.Build.0 = Release|Any CPU
		{10FEB9FA-9308-42AA-B5FB-DAC652508095}.Debug|Any CPU.ActiveCfg = Debug|Any CPU
		{10FEB9FA-9308-42AA-B5FB-DAC652508095}.Debug|Any CPU.Build.0 = Debug|Any CPU
		{10FEB9FA-9308-42AA-B5FB-DAC652508095}.Release|Any CPU.ActiveCfg = Release|Any CPU
		{10FEB9FA-9308-42AA-B5FB-DAC652508095}.Release|Any CPU.Build.0 = Release|Any CPU
		{9EA2955F-3919-4939-BB75-0B38F4E6182D}.Debug|Any CPU.ActiveCfg = Debug|Any CPU
		{9EA2955F-3919-4939-BB75-0B38F4E6182D}.Debug|Any CPU.Build.0 = Debug|Any CPU
		{9EA2955F-3919-4939-BB75-0B38F4E6182D}.Release|Any CPU.ActiveCfg = Release|Any CPU
		{9EA2955F-3919-4939-BB75-0B38F4E6182D}.Release|Any CPU.Build.0 = Release|Any CPU
		{EC62095F-B97C-4C45-999A-6213EF3009E9}.Debug|Any CPU.ActiveCfg = Debug|Any CPU
		{EC62095F-B97C-4C45-999A-6213EF3009E9}.Debug|Any CPU.Build.0 = Debug|Any CPU
		{EC62095F-B97C-4C45-999A-6213EF3009E9}.Release|Any CPU.ActiveCfg = Release|Any CPU
		{EC62095F-B97C-4C45-999A-6213EF3009E9}.Release|Any CPU.Build.0 = Release|Any CPU
		{B7EE4878-4670-49B5-A94A-8C0DFDA02B6F}.Debug|Any CPU.ActiveCfg = Debug|Any CPU
		{B7EE4878-4670-49B5-A94A-8C0DFDA02B6F}.Debug|Any CPU.Build.0 = Debug|Any CPU
		{B7EE4878-4670-49B5-A94A-8C0DFDA02B6F}.Release|Any CPU.ActiveCfg = Release|Any CPU
		{B7EE4878-4670-49B5-A94A-8C0DFDA02B6F}.Release|Any CPU.Build.0 = Release|Any CPU
		{5CF6DF17-5CE2-40E0-98A2-D70E8E89F7F8}.Debug|Any CPU.ActiveCfg = Debug|Any CPU
		{5CF6DF17-5CE2-40E0-98A2-D70E8E89F7F8}.Debug|Any CPU.Build.0 = Debug|Any CPU
		{5CF6DF17-5CE2-40E0-98A2-D70E8E89F7F8}.Release|Any CPU.ActiveCfg = Release|Any CPU
		{5CF6DF17-5CE2-40E0-98A2-D70E8E89F7F8}.Release|Any CPU.Build.0 = Release|Any CPU
	EndGlobalSection
	GlobalSection(SolutionProperties) = preSolution
		HideSolutionNode = FALSE
	EndGlobalSection
EndGlobal
